
Microsoft Visual Studio Solution File, Format Version 12.00
# Visual Studio Version 17
VisualStudioVersion = 17.3.32929.385
MinimumVisualStudioVersion = 10.0.40219.1
Project("{8BC9CEB8-8B4A-11D0-8D11-00A0C91BC942}") = "chat", "chat\chat.vcxproj", "{1301F3F7-263B-401B-A2E6-A231252287FE}"
EndProject
Global
	GlobalSection(SolutionConfigurationPlatforms) = preSolution
		Debug|x64 = Debug|x64
		Debug|x86 = Debug|x86
		Release|x64 = Release|x64
		Release|x86 = Release|x86
	EndGlobalSection
	GlobalSection(ProjectConfigurationPlatforms) = postSolution
		{1301F3F7-263B-401B-A2E6-A231252287FE}.Debug|x64.ActiveCfg = Debug|x64
		{1301F3F7-263B-401B-A2E6-A231252287FE}.Debug|x64.Build.0 = Debug|x64
		{1301F3F7-263B-401B-A2E6-A231252287FE}.Debug|x86.ActiveCfg = Debug|Win32
		{1301F3F7-263B-401B-A2E6-A231252287FE}.Debug|x86.Build.0 = Debug|Win32
		{1301F3F7-263B-401B-A2E6-A231252287FE}.Release|x64.ActiveCfg = Release|x64
		{1301F3F7-263B-401B-A2E6-A231252287FE}.Release|x64.Build.0 = Release|x64
		{1301F3F7-263B-401B-A2E6-A231252287FE}.Release|x86.ActiveCfg = Release|Win32
		{1301F3F7-263B-401B-A2E6-A231252287FE}.Release|x86.Build.0 = Release|Win32
	EndGlobalSection
	GlobalSection(SolutionProperties) = preSolution
		HideSolutionNode = FALSE
	EndGlobalSection
	GlobalSection(ExtensibilityGlobals) = postSolution
		SolutionGuid = {E9956D2B-A5E9-45AA-934A-CCF14D689FA0}
	EndGlobalSection
EndGlobal
